
Microsoft Visual Studio Solution File, Format Version 12.00
# Visual Studio Version 16
VisualStudioVersion = 16.0.30717.126
MinimumVisualStudioVersion = 10.0.40219.1
Project("{FAE04EC0-301F-11D3-BF4B-00C04F79EFBC}") = "Vaxometer", "Vaxometer\Vaxometer.csproj", "{78E58CD7-7513-4CFE-92A4-101AA0307D89}"
EndProject
Project("{FAE04EC0-301F-11D3-BF4B-00C04F79EFBC}") = "Vaxometer.MongoOperations", "Vaxometer.MongoOperations\Vaxometer.MongoOperations.csproj", "{7EC17FDE-06DD-4AE8-A9A4-48AB011E6400}"
EndProject
Project("{FAE04EC0-301F-11D3-BF4B-00C04F79EFBC}") = "Vaxometer.Models", "Vaxometer.Models\Vaxometer.Models.csproj", "{B80D9A52-9586-4D8B-90DF-3977C1480353}"
EndProject
Global
	GlobalSection(SolutionConfigurationPlatforms) = preSolution
		Debug|Any CPU = Debug|Any CPU
		Release|Any CPU = Release|Any CPU
	EndGlobalSection
	GlobalSection(ProjectConfigurationPlatforms) = postSolution
		{78E58CD7-7513-4CFE-92A4-101AA0307D89}.Debug|Any CPU.ActiveCfg = Debug|Any CPU
		{78E58CD7-7513-4CFE-92A4-101AA0307D89}.Debug|Any CPU.Build.0 = Debug|Any CPU
		{78E58CD7-7513-4CFE-92A4-101AA0307D89}.Release|Any CPU.ActiveCfg = Release|Any CPU
		{78E58CD7-7513-4CFE-92A4-101AA0307D89}.Release|Any CPU.Build.0 = Release|Any CPU
		{7EC17FDE-06DD-4AE8-A9A4-48AB011E6400}.Debug|Any CPU.ActiveCfg = Debug|Any CPU
		{7EC17FDE-06DD-4AE8-A9A4-48AB011E6400}.Debug|Any CPU.Build.0 = Debug|Any CPU
		{7EC17FDE-06DD-4AE8-A9A4-48AB011E6400}.Release|Any CPU.ActiveCfg = Release|Any CPU
		{7EC17FDE-06DD-4AE8-A9A4-48AB011E6400}.Release|Any CPU.Build.0 = Release|Any CPU
		{B80D9A52-9586-4D8B-90DF-3977C1480353}.Debug|Any CPU.ActiveCfg = Debug|Any CPU
		{B80D9A52-9586-4D8B-90DF-3977C1480353}.Debug|Any CPU.Build.0 = Debug|Any CPU
		{B80D9A52-9586-4D8B-90DF-3977C1480353}.Release|Any CPU.ActiveCfg = Release|Any CPU
		{B80D9A52-9586-4D8B-90DF-3977C1480353}.Release|Any CPU.Build.0 = Release|Any CPU
	EndGlobalSection
	GlobalSection(SolutionProperties) = preSolution
		HideSolutionNode = FALSE
	EndGlobalSection
	GlobalSection(ExtensibilityGlobals) = postSolution
		SolutionGuid = {355B3ECA-8B63-44C8-BC5F-D7E0612D6886}
	EndGlobalSection
EndGlobal
